<?xml version="1.0" encoding="utf-8"?>
<Project ToolsVersion="4.0" xmlns="http://schemas.microsoft.com/developer/msbuild/2003">
  <ItemGroup>
    <Filter Include="소스 파일">
      <UniqueIdentifier>{4FC737F1-C7A5-4376-A066-2A32D752A2FF}</UniqueIdentifier>
      <Extensions>cpp;c;cc;cxx;c++;cppm;ixx;def;odl;idl;hpj;bat;asm;asmx</Extensions>
    </Filter>
    <Filter Include="헤더 파일">
      <UniqueIdentifier>{93995380-89BD-4b04-88EB-625FBE52EBFB}</UniqueIdentifier>
      <Extensions>h;hh;hpp;hxx;h++;hm;inl;inc;ipp;xsd</Extensions>
    </Filter>
    <Filter Include="리소스 파일">
      <UniqueIdentifier>{67DA6AB6-F800-4c08-8B7A-83BB121AAD01}</UniqueIdentifier>
      <Extensions>rc;ico;cur;bmp;dlg;rc2;rct;bin;rgs;gif;jpg;jpeg;jpe;resx;tiff;tif;png;wav;mfcribbon-ms</Extensions>
    </Filter>
  </ItemGroup>
  <ItemGroup>
    <ClCompile Include="Framework\Button.cpp">
      <Filter>소스 파일</Filter>
    </ClCompile>
    <ClCompile Include="Framework\DebugBox.cpp">
      <Filter>소스 파일</Filter>
    </ClCompile>
    <ClCompile Include="Framework\Framework.cpp">
      <Filter>소스 파일</Filter>
    </ClCompile>
    <ClCompile Include="Framework\GameObject.cpp">
      <Filter>소스 파일</Filter>
    </ClCompile>
    <ClCompile Include="Framework\HitBox.cpp">
      <Filter>소스 파일</Filter>
    </ClCompile>
    <ClCompile Include="Framework\InputMgr.cpp">
      <Filter>소스 파일</Filter>
    </ClCompile>
    <ClCompile Include="Framework\main.cpp">
      <Filter>소스 파일</Filter>
    </ClCompile>
    <ClCompile Include="Framework\Scene.cpp">
      <Filter>소스 파일</Filter>
    </ClCompile>
    <ClCompile Include="Framework\SceneMgr.cpp">
      <Filter>소스 파일</Filter>
    </ClCompile>
    <ClCompile Include="Framework\SoundMgr.cpp">
      <Filter>소스 파일</Filter>
    </ClCompile>
    <ClCompile Include="Framework\SpriteGo.cpp">
      <Filter>소스 파일</Filter>
    </ClCompile>
    <ClCompile Include="Framework\stdafx.cpp">
      <Filter>소스 파일</Filter>
    </ClCompile>
    <ClCompile Include="Framework\Utils.cpp">
      <Filter>소스 파일</Filter>
    </ClCompile>
    <ClCompile Include="Framework\Variables.cpp">
      <Filter>소스 파일</Filter>
    </ClCompile>
    <ClCompile Include="Map\Map001.cpp">
      <Filter>소스 파일</Filter>
    </ClCompile>
    <ClCompile Include="UI\UiHud.cpp">
      <Filter>소스 파일</Filter>
    </ClCompile>
    <ClCompile Include="UI\UiUpgrade.cpp">
      <Filter>소스 파일</Filter>
    </ClCompile>
    <ClCompile Include="guitar\AniPlayer.cpp">
      <Filter>소스 파일</Filter>
    </ClCompile>
    <ClCompile Include="guitar\Player.cpp">
      <Filter>소스 파일</Filter>
    </ClCompile>
    <ClCompile Include="Framework\SaveData.cpp">
      <Filter>소스 파일</Filter>
    </ClCompile>
    <ClCompile Include="Framework\SaveLoadMgr.cpp">
      <Filter>소스 파일</Filter>
    </ClCompile>
    <ClCompile Include="guitar\SceneGame.cpp">
      <Filter>소스 파일</Filter>
    </ClCompile>
    <ClCompile Include="guitar\SceneTitle.cpp">
      <Filter>소스 파일</Filter>
    </ClCompile>
    <ClCompile Include="Framework\SpriteButton.cpp">
      <Filter>소스 파일</Filter>
    </ClCompile>
    <ClCompile Include="guitar\TileMap.cpp">
      <Filter>소스 파일</Filter>
    </ClCompile>
    <ClCompile Include="Framework\AnimationClip.cpp">
      <Filter>소스 파일</Filter>
    </ClCompile>
    <ClCompile Include="Framework\Animator.cpp">
      <Filter>소스 파일</Filter>
    </ClCompile>
    <ClCompile Include="Character\Niko.cpp">
      <Filter>소스 파일</Filter>
    </ClCompile>
    <ClCompile Include="Item\map001\Remocon.cpp">
      <Filter>소스 파일</Filter>
    </ClCompile>
    <ClCompile Include="Item\map001\Computer.cpp">
      <Filter>소스 파일</Filter>
    </ClCompile>
    <ClCompile Include="Map\Map002.cpp">
      <Filter>소스 파일</Filter>
    </ClCompile>
    <ClCompile Include="UI\Message.cpp">
      <Filter>소스 파일</Filter>
    </ClCompile>
    <ClCompile Include="Item\map001\BookCase.cpp">
      <Filter>소스 파일</Filter>
    </ClCompile>
    <ClCompile Include="Map\Map003.cpp">
      <Filter>소스 파일</Filter>
    </ClCompile>
    <ClCompile Include="Item\map003\TV.cpp">
      <Filter>소스 파일</Filter>
    </ClCompile>
    <ClCompile Include="Item\map003\FirePlace.cpp">
      <Filter>소스 파일</Filter>
    </ClCompile>
    <ClCompile Include="Item\map003\Sofa.cpp">
      <Filter>소스 파일</Filter>
    </ClCompile>
    <ClCompile Include="Item\map003\Refrigerator.cpp">
      <Filter>소스 파일</Filter>
    </ClCompile>
    <ClCompile Include="Item\map003\Sink.cpp">
      <Filter>소스 파일</Filter>
    </ClCompile>
    <ClCompile Include="Item\map003\Door.cpp">
      <Filter>소스 파일</Filter>
    </ClCompile>
    <ClCompile Include="Item\map003\LightDoor.cpp">
      <Filter>소스 파일</Filter>
    </ClCompile>
    <ClCompile Include="Framework\TransfomableRect.cpp">
      <Filter>소스 파일</Filter>
    </ClCompile>
  </ItemGroup>
  <ItemGroup>
    <ClInclude Include="Framework\Button.h">
      <Filter>헤더 파일</Filter>
    </ClInclude>
    <ClInclude Include="Framework\DebugBox.h">
      <Filter>헤더 파일</Filter>
    </ClInclude>
    <ClInclude Include="Framework\Defines.h">
      <Filter>헤더 파일</Filter>
    </ClInclude>
    <ClInclude Include="Framework\Framework.h">
      <Filter>헤더 파일</Filter>
    </ClInclude>
    <ClInclude Include="Framework\GameObject.h">
      <Filter>헤더 파일</Filter>
    </ClInclude>
    <ClInclude Include="Framework\HitBox.h">
      <Filter>헤더 파일</Filter>
    </ClInclude>
    <ClInclude Include="Framework\InputMgr.h">
      <Filter>헤더 파일</Filter>
    </ClInclude>
    <ClInclude Include="Framework\json.hpp">
      <Filter>헤더 파일</Filter>
    </ClInclude>
    <ClInclude Include="Framework\ObjectPool.h">
      <Filter>헤더 파일</Filter>
    </ClInclude>
    <ClInclude Include="Framework\rapidcsv.h">
      <Filter>헤더 파일</Filter>
    </ClInclude>
    <ClInclude Include="Framework\ResourceMgr.h">
      <Filter>헤더 파일</Filter>
    </ClInclude>
    <ClInclude Include="Framework\Scene.h">
      <Filter>헤더 파일</Filter>
    </ClInclude>
    <ClInclude Include="Framework\SceneMgr.h">
      <Filter>헤더 파일</Filter>
    </ClInclude>
    <ClInclude Include="Framework\Singleton.h">
      <Filter>헤더 파일</Filter>
    </ClInclude>
    <ClInclude Include="Framework\SoundMgr.h">
      <Filter>헤더 파일</Filter>
    </ClInclude>
    <ClInclude Include="Framework\SpriteGo.h">
      <Filter>헤더 파일</Filter>
    </ClInclude>
    <ClInclude Include="Framework\stdafx.h">
      <Filter>헤더 파일</Filter>
    </ClInclude>
    <ClInclude Include="Framework\Utils.h">
      <Filter>헤더 파일</Filter>
    </ClInclude>
    <ClInclude Include="Framework\Variables.h">
      <Filter>헤더 파일</Filter>
    </ClInclude>
    <ClInclude Include="Map\Map001.h">
      <Filter>헤더 파일</Filter>
    </ClInclude>
    <ClInclude Include="UI\UiHud.h">
      <Filter>헤더 파일</Filter>
    </ClInclude>
    <ClInclude Include="UI\UiUpgrade.h">
      <Filter>헤더 파일</Filter>
    </ClInclude>
    <ClInclude Include="Framework\Animator.h">
      <Filter>헤더 파일</Filter>
    </ClInclude>
    <ClInclude Include="guitar\Player.h">
      <Filter>헤더 파일</Filter>
    </ClInclude>
    <ClInclude Include="Framework\SaveData.h">
      <Filter>헤더 파일</Filter>
    </ClInclude>
    <ClInclude Include="Framework\SaveLoadMgr.h">
      <Filter>헤더 파일</Filter>
    </ClInclude>
    <ClInclude Include="guitar\SceneGame.h">
      <Filter>헤더 파일</Filter>
    </ClInclude>
    <ClInclude Include="guitar\SceneTitle.h">
      <Filter>헤더 파일</Filter>
    </ClInclude>
    <ClInclude Include="Framework\SpriteButton.h">
      <Filter>헤더 파일</Filter>
    </ClInclude>
    <ClInclude Include="guitar\TileMap.h">
      <Filter>헤더 파일</Filter>
    </ClInclude>
    <ClInclude Include="Framework\AnimationClip.h">
      <Filter>헤더 파일</Filter>
    </ClInclude>
    <ClInclude Include="guitar\AniPlayer.h">
      <Filter>헤더 파일</Filter>
    </ClInclude>
    <ClInclude Include="Character\Niko.h">
      <Filter>헤더 파일</Filter>
    </ClInclude>
    <ClInclude Include="Item\map001\Remocon.h">
      <Filter>헤더 파일</Filter>
    </ClInclude>
    <ClInclude Include="Item\map001\Computer.h">
      <Filter>헤더 파일</Filter>
    </ClInclude>
    <ClInclude Include="Map\Map002.h">
      <Filter>헤더 파일</Filter>
    </ClInclude>
    <ClInclude Include="UI\Message.h">
      <Filter>헤더 파일</Filter>
    </ClInclude>
    <ClInclude Include="Item\map001\BookCase.h">
      <Filter>헤더 파일</Filter>
    </ClInclude>
    <ClInclude Include="Map\Map003.h">
      <Filter>헤더 파일</Filter>
    </ClInclude>
    <ClInclude Include="Item\map003\TV.h">
      <Filter>헤더 파일</Filter>
    </ClInclude>
    <ClInclude Include="Item\map003\FirePlace.h">
      <Filter>헤더 파일</Filter>
    </ClInclude>
    <ClInclude Include="Item\map003\Sofa.h">
      <Filter>헤더 파일</Filter>
    </ClInclude>
    <ClInclude Include="Item\map003\Refrigerator.h">
      <Filter>헤더 파일</Filter>
    </ClInclude>
    <ClInclude Include="Item\map003\Sink.h">
      <Filter>헤더 파일</Filter>
    </ClInclude>
    <ClInclude Include="Item\map003\Door.h">
      <Filter>헤더 파일</Filter>
    </ClInclude>
    <ClInclude Include="Item\map003\LightDoor.h">
      <Filter>헤더 파일</Filter>
    </ClInclude>
    <ClInclude Include="Framework\TransfomableRect.h">
      <Filter>헤더 파일</Filter>
    </ClInclude>
  </ItemGroup>
</Project>